
Microsoft Visual Studio Solution File, Format Version 12.00
# Visual Studio Version 17
VisualStudioVersion = 17.13.35828.75 d17.13
MinimumVisualStudioVersion = 10.0.40219.1
Project("{FAE04EC0-301F-11D3-BF4B-00C04F79EFBC}") = "PIM_Help_Desk", "PIM_Help_Desk\PIM_Help_Desk.csproj", "{51EE4032-4871-46AB-9618-9AC6C58D7796}"
EndProject
Global
	GlobalSection(SolutionConfigurationPlatforms) = preSolution
		Debug|Any CPU = Debug|Any CPU
		Release|Any CPU = Release|Any CPU
	EndGlobalSection
	GlobalSection(ProjectConfigurationPlatforms) = postSolution
		{51EE4032-4871-46AB-9618-9AC6C58D7796}.Debug|Any CPU.ActiveCfg = Debug|Any CPU
		{51EE4032-4871-46AB-9618-9AC6C58D7796}.Debug|Any CPU.Build.0 = Debug|Any CPU
		{51EE4032-4871-46AB-9618-9AC6C58D7796}.Release|Any CPU.ActiveCfg = Release|Any CPU
		{51EE4032-4871-46AB-9618-9AC6C58D7796}.Release|Any CPU.Build.0 = Release|Any CPU
	EndGlobalSection
	GlobalSection(SolutionProperties) = preSolution
		HideSolutionNode = FALSE
	EndGlobalSection
	GlobalSection(ExtensibilityGlobals) = postSolution
		SolutionGuid = {8A1262C5-EA87-40DA-856D-56D78E02B6A9}
	EndGlobalSection
EndGlobal
